Microsoft Visual Studio Solution File, Format Version 12.00
# Visual Studio Version 17
VisualStudioVersion = 17.5.2.0
MinimumVisualStudioVersion = 10.0.40219.1
Project("{FAE04EC0-301F-11D3-BF4B-00C04F79EFBC}") = "OlaMundoApi", "OlaMundoApi.csproj", "{38D42F9C-0FBB-5AFB-5438-D21C3886052B}"
EndProject
Global
	GlobalSection(SolutionConfigurationPlatforms) = preSolution
		Debug|Any CPU = Debug|Any CPU
		Release|Any CPU = Release|Any CPU
	EndGlobalSection
	GlobalSection(ProjectConfigurationPlatforms) = postSolution
		{38D42F9C-0FBB-5AFB-5438-D21C3886052B}.Debug|Any CPU.ActiveCfg = Debug|Any CPU
		{38D42F9C-0FBB-5AFB-5438-D21C3886052B}.Debug|Any CPU.Build.0 = Debug|Any CPU
		{38D42F9C-0FBB-5AFB-5438-D21C3886052B}.Release|Any CPU.ActiveCfg = Release|Any CPU
		{38D42F9C-0FBB-5AFB-5438-D21C3886052B}.Release|Any CPU.Build.0 = Release|Any CPU
	EndGlobalSection
	GlobalSection(SolutionProperties) = preSolution
		HideSolutionNode = FALSE
	EndGlobalSection
	GlobalSection(ExtensibilityGlobals) = postSolution
		SolutionGuid = {9177E0AF-225C-44F6-BA1E-E4C18BDAAB5B}
	EndGlobalSection
EndGlobal
